
Microsoft Visual Studio Solution File, Format Version 12.00
# Visual Studio Version 16
VisualStudioVersion = 16.0.29609.76
MinimumVisualStudioVersion = 10.0.40219.1
Project("{FAE04EC0-301F-11D3-BF4B-00C04F79EFBC}") = "Enums e Composição", "Enums e Composição\Enums e Composição.csproj", "{75D21EF9-5DF5-4A15-9FF1-4BBE3B0F9C66}"
EndProject
Global
	GlobalSection(SolutionConfigurationPlatforms) = preSolution
		Debug|Any CPU = Debug|Any CPU
		Release|Any CPU = Release|Any CPU
	EndGlobalSection
	GlobalSection(ProjectConfigurationPlatforms) = postSolution
		{75D21EF9-5DF5-4A15-9FF1-4BBE3B0F9C66}.Debug|Any CPU.ActiveCfg = Debug|Any CPU
		{75D21EF9-5DF5-4A15-9FF1-4BBE3B0F9C66}.Debug|Any CPU.Build.0 = Debug|Any CPU
		{75D21EF9-5DF5-4A15-9FF1-4BBE3B0F9C66}.Release|Any CPU.ActiveCfg = Release|Any CPU
		{75D21EF9-5DF5-4A15-9FF1-4BBE3B0F9C66}.Release|Any CPU.Build.0 = Release|Any CPU
	EndGlobalSection
	GlobalSection(SolutionProperties) = preSolution
		HideSolutionNode = FALSE
	EndGlobalSection
	GlobalSection(ExtensibilityGlobals) = postSolution
		SolutionGuid = {41785352-FD27-476F-BB78-4455FE23B0D8}
	EndGlobalSection
EndGlobal
